version: 6
environments:
  default:
    channels:
    - url: https://conda.anaconda.org/conda-forge/
    packages:
      osx-64:
      - conda: https://conda.anaconda.org/conda-forge/noarch/aiohappyeyeballs-2.6.1-pyhd8ed1ab_0.conda
      - conda: https://conda.anaconda.org/conda-forge/noarch/aiohttp-3.13.2-pyh4ca1811_0.conda
      - conda: https://conda.anaconda.org/conda-forge/noarch/aiosignal-1.4.0-pyhd8ed1ab_0.conda
      - conda: https://conda.anaconda.org/conda-forge/noarch/annotated-types-0.7.0-pyhd8ed1ab_1.conda
      - conda: https://conda.anaconda.org/conda-forge/noarch/async-timeout-5.0.1-pyhd8ed1ab_1.conda
      - conda: https://conda.anaconda.org/conda-forge/noarch/attrs-25.4.0-pyh71513ae_0.conda
      - conda: https://conda.anaconda.org/conda-forge/noarch/autoregistry-1.2.0-pyhcf101f3_0.conda
      - conda: https://conda.anaconda.org/conda-forge/noarch/belay-0.28.0-pyhcf101f3_0.conda
      - conda: https://conda.anaconda.org/conda-forge/osx-64/brotli-python-1.2.0-py314hd4d9bf7_0.conda
      - conda: https://conda.anaconda.org/conda-forge/osx-64/bzip2-1.0.8-h500dc9f_8.conda
      - conda: https://conda.anaconda.org/conda-forge/noarch/ca-certificates-2025.11.12-hbd8a1cb_0.conda
      - conda: https://conda.anaconda.org/conda-forge/noarch/certifi-2025.11.12-pyhd8ed1ab_0.conda
      - conda: https://conda.anaconda.org/conda-forge/osx-64/cffi-2.0.0-py314h8ca4d5a_1.conda
      - conda: https://conda.anaconda.org/conda-forge/noarch/charset-normalizer-3.4.4-pyhd8ed1ab_0.conda
      - conda: https://conda.anaconda.org/conda-forge/noarch/click-8.3.1-pyh707e725_0.conda
      - conda: https://conda.anaconda.org/conda-forge/noarch/colorama-0.4.6-pyhd8ed1ab_1.conda
      - conda: https://conda.anaconda.org/conda-forge/noarch/commonmark-0.9.1-py_0.tar.bz2
      - conda: https://conda.anaconda.org/conda-forge/osx-64/dart-sass-1.59.1-h694c41f_0.conda
      - conda: https://conda.anaconda.org/conda-forge/noarch/dataclasses-0.8-pyhc8e2a94_3.tar.bz2
      - conda: https://conda.anaconda.org/conda-forge/osx-64/deno-2.3.1-hf23d6f5_0.conda
      - conda: https://conda.anaconda.org/conda-forge/osx-64/deno-dom-0.1.41-h51332c3_0.conda
      - conda: https://conda.anaconda.org/conda-forge/osx-64/esbuild-0.27.0-hccc6df8_0.conda
      - conda: https://conda.anaconda.org/conda-forge/noarch/frozenlist-1.7.0-pyhf298e5d_0.conda
      - conda: https://conda.anaconda.org/conda-forge/noarch/fsspec-2025.10.0-pyhd8ed1ab_0.conda
      - conda: https://conda.anaconda.org/conda-forge/noarch/future-1.0.0-pyhd8ed1ab_2.conda
      - conda: https://conda.anaconda.org/conda-forge/noarch/gitdb-4.0.12-pyhd8ed1ab_0.conda
      - conda: https://conda.anaconda.org/conda-forge/noarch/gitpython-3.1.45-pyhff2d567_0.conda
      - conda: https://conda.anaconda.org/conda-forge/noarch/h2-4.3.0-pyhcf101f3_0.conda
      - conda: https://conda.anaconda.org/conda-forge/noarch/hpack-4.1.0-pyhd8ed1ab_0.conda
      - conda: https://conda.anaconda.org/conda-forge/noarch/hyperframe-6.1.0-pyhd8ed1ab_0.conda
      - conda: https://conda.anaconda.org/conda-forge/osx-64/icu-75.1-h120a0e1_0.conda
      - conda: https://conda.anaconda.org/conda-forge/noarch/idna-3.11-pyhd8ed1ab_0.conda
      - conda: https://conda.anaconda.org/conda-forge/noarch/importlib_resources-6.5.2-pyhd8ed1ab_0.conda
      - conda: https://conda.anaconda.org/conda-forge/osx-64/libcxx-21.1.5-h3d58e20_0.conda
      - conda: https://conda.anaconda.org/conda-forge/osx-64/libexpat-2.7.1-h21dd04a_0.conda
      - conda: https://conda.anaconda.org/conda-forge/osx-64/libffi-3.5.2-h750e83c_0.conda
      - conda: https://conda.anaconda.org/conda-forge/osx-64/liblzma-5.8.1-hd471939_2.conda
      - conda: https://conda.anaconda.org/conda-forge/osx-64/libmpdec-4.0.0-h6e16a3a_0.conda
      - conda: https://conda.anaconda.org/conda-forge/osx-64/libsqlite-3.51.0-h86bffb9_0.conda
      - conda: https://conda.anaconda.org/conda-forge/osx-64/libuv-1.51.0-h58003a5_1.conda
      - conda: https://conda.anaconda.org/conda-forge/osx-64/libzlib-1.3.1-hd23fc13_2.conda
      - conda: https://conda.anaconda.org/conda-forge/noarch/multidict-6.6.3-pyh62beb40_0.conda
      - conda: https://conda.anaconda.org/conda-forge/osx-64/ncurses-6.5-h0622a9a_3.conda
      - conda: https://conda.anaconda.org/conda-forge/osx-64/nodejs-22.19.0-h8a401be_0.conda
      - conda: https://conda.anaconda.org/conda-forge/osx-64/openssl-3.6.0-h230baf5_0.conda
      - conda: https://conda.anaconda.org/conda-forge/noarch/packaging-25.0-pyh29332c3_1.conda
      - conda: https://conda.anaconda.org/conda-forge/osx-64/pandoc-3.6.3-h694c41f_0.conda
      - conda: https://conda.anaconda.org/conda-forge/noarch/pathspec-0.12.1-pyhd8ed1ab_1.conda
      - conda: https://conda.anaconda.org/conda-forge/noarch/prompt-toolkit-3.0.36-pyha770c72_0.conda
      - conda: https://conda.anaconda.org/conda-forge/noarch/prompt_toolkit-3.0.36-hd8ed1ab_0.conda
      - conda: https://conda.anaconda.org/conda-forge/noarch/propcache-0.3.1-pyhe1237c8_0.conda
      - conda: https://conda.anaconda.org/conda-forge/noarch/pycparser-2.22-pyh29332c3_1.conda
      - conda: https://conda.anaconda.org/conda-forge/noarch/pydantic-2.12.4-pyh3cfb1c2_0.conda
      - conda: https://conda.anaconda.org/conda-forge/osx-64/pydantic-core-2.41.5-py314ha7b6dee_1.conda
      - conda: https://conda.anaconda.org/conda-forge/noarch/pygments-2.19.2-pyhd8ed1ab_0.conda
      - conda: https://conda.anaconda.org/conda-forge/noarch/pyserial-3.5-pyhd8ed1ab_1.conda
      - conda: https://conda.anaconda.org/conda-forge/noarch/pysocks-1.7.1-pyha55dd90_7.conda
      - conda: https://conda.anaconda.org/conda-forge/osx-64/python-3.14.0-hf88997e_102_cp314.conda
      - conda: https://conda.anaconda.org/conda-forge/noarch/python_abi-3.14-8_cp314.conda
      - conda: https://conda.anaconda.org/conda-forge/osx-64/quarto-1.8.26-h046caca_0.conda
      - conda: https://conda.anaconda.org/conda-forge/noarch/questionary-2.1.1-pyhd8ed1ab_0.conda
      - conda: https://conda.anaconda.org/conda-forge/osx-64/readline-8.2-h7cca4af_2.conda
      - conda: https://conda.anaconda.org/conda-forge/noarch/requests-2.32.5-pyhd8ed1ab_0.conda
      - conda: https://conda.anaconda.org/conda-forge/noarch/rich-12.6.0-pyhd8ed1ab_0.tar.bz2
      - conda: https://conda.anaconda.org/conda-forge/noarch/shellingham-1.5.4-pyhd8ed1ab_2.conda
      - conda: https://conda.anaconda.org/conda-forge/noarch/smmap-5.0.2-pyhd8ed1ab_0.conda
      - conda: https://conda.anaconda.org/conda-forge/osx-64/tk-8.6.13-hf689a15_3.conda
      - conda: https://conda.anaconda.org/conda-forge/noarch/tomli-2.3.0-pyhcf101f3_0.conda
      - conda: https://conda.anaconda.org/conda-forge/noarch/typer-0.20.0-pyhefaf540_1.conda
      - conda: https://conda.anaconda.org/conda-forge/noarch/typer-slim-0.20.0-pyhcf101f3_1.conda
      - conda: https://conda.anaconda.org/conda-forge/noarch/typer-slim-standard-0.20.0-h4daf872_1.conda
      - conda: https://conda.anaconda.org/conda-forge/noarch/typing-extensions-4.15.0-h396c80c_0.conda
      - conda: https://conda.anaconda.org/conda-forge/noarch/typing-inspection-0.4.2-pyhd8ed1ab_0.conda
      - conda: https://conda.anaconda.org/conda-forge/noarch/typing_extensions-4.15.0-pyhcf101f3_0.conda
      - conda: https://conda.anaconda.org/conda-forge/osx-64/typst-0.13.0-h371c88c_0.conda
      - conda: https://conda.anaconda.org/conda-forge/noarch/tzdata-2025b-h78e105d_0.conda
      - conda: https://conda.anaconda.org/conda-forge/noarch/urllib3-2.5.0-pyhd8ed1ab_0.conda
      - conda: https://conda.anaconda.org/conda-forge/noarch/wcwidth-0.2.14-pyhd8ed1ab_0.conda
      - conda: https://conda.anaconda.org/conda-forge/noarch/yarl-1.22.0-pyh7db6752_0.conda
      - conda: https://conda.anaconda.org/conda-forge/noarch/zipp-3.23.0-pyhd8ed1ab_0.conda
      - conda: https://conda.anaconda.org/conda-forge/osx-64/zstandard-0.25.0-py314hd1e8ddb_1.conda
      - conda: https://conda.anaconda.org/conda-forge/osx-64/zstd-1.5.7-h8210216_2.conda
packages:
- conda: https://conda.anaconda.org/conda-forge/noarch/aiohappyeyeballs-2.6.1-pyhd8ed1ab_0.conda
  sha256: 7842ddc678e77868ba7b92a726b437575b23aaec293bca0d40826f1026d90e27
  md5: 18fd895e0e775622906cdabfc3cf0fb4
  depends:
  - python >=3.9
  license: PSF-2.0
  license_family: PSF
  size: 19750
  timestamp: 1741775303303
- conda: https://conda.anaconda.org/conda-forge/noarch/aiohttp-3.13.2-pyh4ca1811_0.conda
  sha256: 8af88a6daa5e30f347da7faee1ee17d920a1090c0e921431bf43adff02429b50
  md5: 9b7efc1b9351892fc1b0af3fb7e44280
  depends:
  - aiohappyeyeballs >=2.5.0
  - aiosignal >=1.4.0
  - async-timeout >=4.0,<6.0
  - attrs >=17.3.0
  - frozenlist >=1.1.1
  - multidict >=4.5,<7.0
  - propcache >=0.2.0
  - python >=3.10
  - yarl >=1.17.0,<2.0
  track_features:
  - aiohttp_no_compile
  license: MIT AND Apache-2.0
  license_family: Apache
  size: 474272
  timestamp: 1761726660058
- conda: https://conda.anaconda.org/conda-forge/noarch/aiosignal-1.4.0-pyhd8ed1ab_0.conda
  sha256: 8dc149a6828d19bf104ea96382a9d04dae185d4a03cc6beb1bc7b84c428e3ca2
  md5: 421a865222cd0c9d83ff08bc78bf3a61
  depends:
  - frozenlist >=1.1.0
  - python >=3.9
  - typing_extensions >=4.2
  license: Apache-2.0
  license_family: APACHE
  size: 13688
  timestamp: 1751626573984
- conda: https://conda.anaconda.org/conda-forge/noarch/annotated-types-0.7.0-pyhd8ed1ab_1.conda
  sha256: e0ea1ba78fbb64f17062601edda82097fcf815012cf52bb704150a2668110d48
  md5: 2934f256a8acfe48f6ebb4fce6cde29c
  depends:
  - python >=3.9
  - typing-extensions >=4.0.0
  license: MIT
  license_family: MIT
  size: 18074
  timestamp: 1733247158254
- conda: https://conda.anaconda.org/conda-forge/noarch/async-timeout-5.0.1-pyhd8ed1ab_1.conda
  sha256: 33d12250c870e06c9a313c6663cfbf1c50380b73dfbbb6006688c3134b29b45a
  md5: 5d842988b11a8c3ab57fb70840c83d24
  depends:
  - python >=3.9
  license: Apache-2.0
  license_family: Apache
  size: 11763
  timestamp: 1733235428203
- conda: https://conda.anaconda.org/conda-forge/noarch/attrs-25.4.0-pyh71513ae_0.conda
  sha256: f6c3c19fa599a1a856a88db166c318b148cac3ee4851a9905ed8a04eeec79f45
  md5: c7944d55af26b6d2d7629e27e9a972c1
  depends:
  - python >=3.10
  license: MIT
  license_family: MIT
  size: 60101
  timestamp: 1759762331492
- conda: https://conda.anaconda.org/conda-forge/noarch/autoregistry-1.2.0-pyhcf101f3_0.conda
  sha256: 069d372d2ea0df22174004d8c98b111cdfd800e66803710a184c3ea92afad601
  md5: fb7b151dbfd6f54dd374dafe55a9289b
  depends:
  - python >=3.10
  - python
  license: Apache-2.0
  license_family: APACHE
  size: 26523
  timestamp: 1762198004177
- conda: https://conda.anaconda.org/conda-forge/noarch/belay-0.28.0-pyhcf101f3_0.conda
  sha256: 9b310fac86d75aada11429cb2d1dfa197d64da080c5b0f5e5c42455f56cb4b80
  md5: b86b7fe995b28da9aacbfd3333139231
  depends:
  - python >=3.10
  - pyserial >=3.1
  - typer >=0.6.0
  - pathspec >=0.10.3
  - tomli >=2.0.1
  - autoregistry >=0.10.1
  - fsspec >=2022.11.0
  - requests >=2.28.1
  - gitpython >=3.1.30
  - pydantic >=1.10.4
  - typing-extensions >=4.5.0
  - questionary >=2.0.0
  - packaging >=20.4
  - importlib_resources >=3.0.0
  - attrs >=21.0.0
  - colorama >=0.4.3,<0.5.0
  - rich >=10.11.0,<13.0.0
  - shellingham >=1.3.0,<2.0.0
  - aiohttp !=4.0.0a0,!=4.0.0a1
  - prompt_toolkit <=3.0.36,>=2.0
  - python
  license: Apache-2.0
  license_family: APACHE
  size: 76962
  timestamp: 1758313271757
- conda: https://conda.anaconda.org/conda-forge/osx-64/brotli-python-1.2.0-py314hd4d9bf7_0.conda
  sha256: cb5a9558123eade3beda7770a5a373a941928b65ac39dcab2b1c7c92c2556a85
  md5: 37525e28a91deef6c47690878d7338b6
  depends:
  - __osx >=10.13
  - libcxx >=19
  - python >=3.14,<3.15.0a0
  - python_abi 3.14.* *_cp314
  constrains:
  - libbrotlicommon 1.2.0 h105ed1c_0
  license: MIT
  license_family: MIT
  size: 389830
  timestamp: 1761593069187
- conda: https://conda.anaconda.org/conda-forge/osx-64/bzip2-1.0.8-h500dc9f_8.conda
  sha256: 8f50b58efb29c710f3cecf2027a8d7325ba769ab10c746eff75cea3ac050b10c
  md5: 97c4b3bd8a90722104798175a1bdddbf
  depends:
  - __osx >=10.13
  license: bzip2-1.0.6
  license_family: BSD
  size: 132607
  timestamp: 1757437730085
- conda: https://conda.anaconda.org/conda-forge/noarch/ca-certificates-2025.11.12-hbd8a1cb_0.conda
  sha256: b986ba796d42c9d3265602bc038f6f5264095702dd546c14bc684e60c385e773
  md5: f0991f0f84902f6b6009b4d2350a83aa
  depends:
  - __unix
  license: ISC
  size: 152432
  timestamp: 1762967197890
- conda: https://conda.anaconda.org/conda-forge/noarch/certifi-2025.11.12-pyhd8ed1ab_0.conda
  sha256: 083a2bdad892ccf02b352ecab38ee86c3e610ba9a4b11b073ea769d55a115d32
  md5: 96a02a5c1a65470a7e4eedb644c872fd
  depends:
  - python >=3.10
  license: ISC
  size: 157131
  timestamp: 1762976260320
- conda: https://conda.anaconda.org/conda-forge/osx-64/cffi-2.0.0-py314h8ca4d5a_1.conda
  sha256: e2c58cc2451cc96db2a3c8ec34e18889878db1e95cc3e32c85e737e02a7916fb
  md5: 71c2caaa13f50fe0ebad0f961aee8073
  depends:
  - __osx >=10.13
  - libffi >=3.5.2,<3.6.0a0
  - pycparser
  - python >=3.14,<3.15.0a0
  - python_abi 3.14.* *_cp314
  license: MIT
  license_family: MIT
  size: 293633
  timestamp: 1761203106369
- conda: https://conda.anaconda.org/conda-forge/noarch/charset-normalizer-3.4.4-pyhd8ed1ab_0.conda
  sha256: b32f8362e885f1b8417bac2b3da4db7323faa12d5db62b7fd6691c02d60d6f59
  md5: a22d1fd9bf98827e280a02875d9a007a
  depends:
  - python >=3.10
  license: MIT
  license_family: MIT
  size: 50965
  timestamp: 1760437331772
- conda: https://conda.anaconda.org/conda-forge/noarch/click-8.3.1-pyh707e725_0.conda
  sha256: 970b12fb186c3451eee9dd0f10235aeb75fb570b0e9dc83250673c2f0b196265
  md5: 9ba00b39e03a0afb2b1cc0767d4c6175
  depends:
  - __unix
  - python >=3.10
  license: BSD-3-Clause
  license_family: BSD
  size: 92604
  timestamp: 1763248639281
- conda: https://conda.anaconda.org/conda-forge/noarch/colorama-0.4.6-pyhd8ed1ab_1.conda
  sha256: ab29d57dc70786c1269633ba3dff20288b81664d3ff8d21af995742e2bb03287
  md5: 962b9857ee8e7018c22f2776ffa0b2d7
  depends:
  - python >=3.9
  license: BSD-3-Clause
  license_family: BSD
  size: 27011
  timestamp: 1733218222191
- conda: https://conda.anaconda.org/conda-forge/noarch/commonmark-0.9.1-py_0.tar.bz2
  sha256: 10577f82bafd5d37f0c3f2122272d0dc1f2d133655c2bdd1a3cd5f910d0bd4c5
  md5: 6aa0173c14befcd577ded130cf6f22f5
  depends:
  - future >=0.14.0
  - python
  license: BSD 3-Clause
  license_family: BSD
  size: 47354
  timestamp: 1570221752112
- conda: https://conda.anaconda.org/conda-forge/osx-64/dart-sass-1.59.1-h694c41f_0.conda
  sha256: 79c82d53e85978922d43be3a2f7309c88677db7c7e894e8eec8e4790ceb3ca01
  md5: fefbbbab921f8fd44099a8de9d6368c4
  license: MIT
  license_family: MIT
  size: 2831237
  timestamp: 1747420724479
- conda: https://conda.anaconda.org/conda-forge/noarch/dataclasses-0.8-pyhc8e2a94_3.tar.bz2
  sha256: 63a83e62e0939bc1ab32de4ec736f6403084198c4639638b354a352113809c92
  md5: a362b2124b06aad102e2ee4581acee7d
  depends:
  - python >=3.7
  license: Apache-2.0
  license_family: APACHE
  size: 9870
  timestamp: 1628958582931
- conda: https://conda.anaconda.org/conda-forge/osx-64/deno-2.3.1-hf23d6f5_0.conda
  sha256: e73acc3206cc3fd8d82008d2820f561e6e56b03fde115f23da6c9fbd53b128d5
  md5: 82c2d883a68f468dc90fc152d5de9d45
  depends:
  - __osx >=11.0
  - libzlib >=1.3.1,<2.0a0
  constrains:
  - __osx >=10.13
  license: MIT
  license_family: MIT
  size: 40154464
  timestamp: 1746124061922
- conda: https://conda.anaconda.org/conda-forge/osx-64/deno-dom-0.1.41-h51332c3_0.conda
  sha256: b7d8621033ac310f40e083ee1157db9aaa178b7355dbd74be54ca1f0f4b517ce
  md5: 6f8f4a8487f87f13e0c43b15ee9b1541
  depends:
  - __osx >=10.13
  - deno >=1.24.2
  constrains:
  - __osx >=10.13
  license: MIT
  license_family: MIT
  size: 369080
  timestamp: 1736703484876
- conda: https://conda.anaconda.org/conda-forge/osx-64/esbuild-0.27.0-hccc6df8_0.conda
  sha256: c44ac38c111cca604283cb1a341f2f8f590351349964376b59ff9cf387ec0525
  md5: b71ef989a0b6b51a08c0641c13ba2241
  constrains:
  - __osx >=10.12
  license: MIT
  license_family: MIT
  size: 4331976
  timestamp: 1762716512029
- conda: https://conda.anaconda.org/conda-forge/noarch/frozenlist-1.7.0-pyhf298e5d_0.conda
  sha256: d065c6c76ba07c148b07102f89fd14e39e4f0b2c022ad671bbef8fda9431ba1b
  md5: 3998c9592e3db2f6809e4585280415f4
  depends:
  - python >=3.9
  track_features:
  - frozenlist_no_compile
  license: Apache-2.0
  license_family: APACHE
  size: 18952
  timestamp: 1752167260183
- conda: https://conda.anaconda.org/conda-forge/noarch/fsspec-2025.10.0-pyhd8ed1ab_0.conda
  sha256: df5cb57bb668cd5b2072d8bd66380ff7acb12e8c337f47dd4b9a75a6a6496a6d
  md5: d18004c37182f83b9818b714825a7627
  depends:
  - python >=3.10
  license: BSD-3-Clause
  license_family: BSD
  size: 146592
  timestamp: 1761840236679
- conda: https://conda.anaconda.org/conda-forge/noarch/future-1.0.0-pyhd8ed1ab_2.conda
  sha256: 45dfd037889b7075c5eb46394f93172de0be0b1624c7f802dd3ecc94b814d8e0
  md5: 1054c53c95d85e35b88143a3eda66373
  depends:
  - python >=3.9
  license: MIT
  license_family: MIT
  size: 364561
  timestamp: 1738926525117
- conda: https://conda.anaconda.org/conda-forge/noarch/gitdb-4.0.12-pyhd8ed1ab_0.conda
  sha256: dbbec21a369872c8ebe23cb9a3b9d63638479ee30face165aa0fccc96e93eec3
  md5: 7c14f3706e099f8fcd47af2d494616cc
  depends:
  - python >=3.9
  - smmap >=3.0.1,<6
  license: BSD-3-Clause
  license_family: BSD
  size: 53136
  timestamp: 1735887290843
- conda: https://conda.anaconda.org/conda-forge/noarch/gitpython-3.1.45-pyhff2d567_0.conda
  sha256: 12df2c971e98f30f2a9bec8aa96ea23092717ace109d16815eeb4c095f181aa2
  md5: b91d463ea8be13bcbe644ae8bc99c39f
  depends:
  - gitdb >=4.0.1,<5
  - python >=3.9
  - typing_extensions >=3.10.0.2
  license: BSD-3-Clause
  license_family: BSD
  size: 157875
  timestamp: 1753444241693
- conda: https://conda.anaconda.org/conda-forge/noarch/h2-4.3.0-pyhcf101f3_0.conda
  sha256: 84c64443368f84b600bfecc529a1194a3b14c3656ee2e832d15a20e0329b6da3
  md5: 164fc43f0b53b6e3a7bc7dce5e4f1dc9
  depends:
  - python >=3.10
  - hyperframe >=6.1,<7
  - hpack >=4.1,<5
  - python
  license: MIT
  license_family: MIT
  size: 95967
  timestamp: 1756364871835
- conda: https://conda.anaconda.org/conda-forge/noarch/hpack-4.1.0-pyhd8ed1ab_0.conda
  sha256: 6ad78a180576c706aabeb5b4c8ceb97c0cb25f1e112d76495bff23e3779948ba
  md5: 0a802cb9888dd14eeefc611f05c40b6e
  depends:
  - python >=3.9
  license: MIT
  license_family: MIT
  size: 30731
  timestamp: 1737618390337
- conda: https://conda.anaconda.org/conda-forge/noarch/hyperframe-6.1.0-pyhd8ed1ab_0.conda
  sha256: 77af6f5fe8b62ca07d09ac60127a30d9069fdc3c68d6b256754d0ffb1f7779f8
  md5: 8e6923fc12f1fe8f8c4e5c9f343256ac
  depends:
  - python >=3.9
  license: MIT
  license_family: MIT
  size: 17397
  timestamp: 1737618427549
- conda: https://conda.anaconda.org/conda-forge/osx-64/icu-75.1-h120a0e1_0.conda
  sha256: 2e64307532f482a0929412976c8450c719d558ba20c0962832132fd0d07ba7a7
  md5: d68d48a3060eb5abdc1cdc8e2a3a5966
  depends:
  - __osx >=10.13
  license: MIT
  license_family: MIT
  size: 11761697
  timestamp: 1720853679409
- conda: https://conda.anaconda.org/conda-forge/noarch/idna-3.11-pyhd8ed1ab_0.conda
  sha256: ae89d0299ada2a3162c2614a9d26557a92aa6a77120ce142f8e0109bbf0342b0
  md5: 53abe63df7e10a6ba605dc5f9f961d36
  depends:
  - python >=3.10
  license: BSD-3-Clause
  license_family: BSD
  size: 50721
  timestamp: 1760286526795
- conda: https://conda.anaconda.org/conda-forge/noarch/importlib_resources-6.5.2-pyhd8ed1ab_0.conda
  sha256: acc1d991837c0afb67c75b77fdc72b4bf022aac71fedd8b9ea45918ac9b08a80
  md5: c85c76dc67d75619a92f51dfbce06992
  depends:
  - python >=3.9
  - zipp >=3.1.0
  constrains:
  - importlib-resources >=6.5.2,<6.5.3.0a0
  license: Apache-2.0
  license_family: APACHE
  size: 33781
  timestamp: 1736252433366
- conda: https://conda.anaconda.org/conda-forge/osx-64/libcxx-21.1.5-h3d58e20_0.conda
  sha256: 2471cbb0741494aeb1706ad4593a9b993bbcb9c874518833c08073623b958359
  md5: d76e25c022d8dddc2055b981fa78a7e7
  depends:
  - __osx >=10.13
  license: Apache-2.0 WITH LLVM-exception
  license_family: Apache
  size: 569679
  timestamp: 1762257632306
- conda: https://conda.anaconda.org/conda-forge/osx-64/libexpat-2.7.1-h21dd04a_0.conda
  sha256: 689862313571b62ee77ee01729dc093f2bf25a2f99415fcfe51d3a6cd31cce7b
  md5: 9fdeae0b7edda62e989557d645769515
  depends:
  - __osx >=10.13
  constrains:
  - expat 2.7.1.*
  license: MIT
  license_family: MIT
  size: 72450
  timestamp: 1752719744781
- conda: https://conda.anaconda.org/conda-forge/osx-64/libffi-3.5.2-h750e83c_0.conda
  sha256: 277dc89950f5d97f1683f26e362d6dca3c2efa16cb2f6fdb73d109effa1cd3d0
  md5: d214916b24c625bcc459b245d509f22e
  depends:
  - __osx >=10.13
  license: MIT
  license_family: MIT
  size: 52573
  timestamp: 1760295626449
- conda: https://conda.anaconda.org/conda-forge/osx-64/liblzma-5.8.1-hd471939_2.conda
  sha256: 7e22fd1bdb8bf4c2be93de2d4e718db5c548aa082af47a7430eb23192de6bb36
  md5: 8468beea04b9065b9807fc8b9cdc5894
  depends:
  - __osx >=10.13
  constrains:
  - xz 5.8.1.*
  license: 0BSD
  size: 104826
  timestamp: 1749230155443
- conda: https://conda.anaconda.org/conda-forge/osx-64/libmpdec-4.0.0-h6e16a3a_0.conda
  sha256: 98299c73c7a93cd4f5ff8bb7f43cd80389f08b5a27a296d806bdef7841cc9b9e
  md5: 18b81186a6adb43f000ad19ed7b70381
  depends:
  - __osx >=10.13
  license: BSD-2-Clause
  license_family: BSD
  size: 77667
  timestamp: 1748393757154
- conda: https://conda.anaconda.org/conda-forge/osx-64/libsqlite-3.51.0-h86bffb9_0.conda
  sha256: ad151af8192c17591fad0b68c9ffb7849ad9f4be9da2020b38b8befd2c5f6f02
  md5: 1ee9b74571acd6dd87e6a0f783989426
  depends:
  - __osx >=10.13
  - libzlib >=1.3.1,<2.0a0
  license: blessing
  size: 986898
  timestamp: 1762300146976
- conda: https://conda.anaconda.org/conda-forge/osx-64/libuv-1.51.0-h58003a5_1.conda
  sha256: d90dd0eee6f195a5bd14edab4c5b33be3635b674b0b6c010fb942b956aa2254c
  md5: fbfc6cf607ae1e1e498734e256561dc3
  depends:
  - __osx >=10.13
  license: MIT
  license_family: MIT
  size: 422612
  timestamp: 1753948458902
- conda: https://conda.anaconda.org/conda-forge/osx-64/libzlib-1.3.1-hd23fc13_2.conda
  sha256: 8412f96504fc5993a63edf1e211d042a1fd5b1d51dedec755d2058948fcced09
  md5: 003a54a4e32b02f7355b50a837e699da
  depends:
  - __osx >=10.13
  constrains:
  - zlib 1.3.1 *_2
  license: Zlib
  license_family: Other
  size: 57133
  timestamp: 1727963183990
- conda: https://conda.anaconda.org/conda-forge/noarch/multidict-6.6.3-pyh62beb40_0.conda
  sha256: c4257649d1be3d19a97213457032073737cd3179bd0ed3bd2b9885955d11f6b8
  md5: 36b9579bd0896b224df0424e46efc1b5
  depends:
  - python >=3.9
  - typing-extensions >=4.1.0
  track_features:
  - multidict_no_compile
  license: Apache-2.0
  license_family: APACHE
  size: 37036
  timestamp: 1751310675422
- conda: https://conda.anaconda.org/conda-forge/osx-64/ncurses-6.5-h0622a9a_3.conda
  sha256: ea4a5d27ded18443749aefa49dc79f6356da8506d508b5296f60b8d51e0c4bd9
  md5: ced34dd9929f491ca6dab6a2927aff25
  depends:
  - __osx >=10.13
  license: X11 AND BSD-3-Clause
  size: 822259
  timestamp: 1738196181298
- conda: https://conda.anaconda.org/conda-forge/osx-64/nodejs-22.19.0-h8a401be_0.conda
  sha256: 8a03c672fbbf3a1c788013261cef3faa1a92ab5e845a19be30ecd553856dc736
  md5: cda243400ebb89a652f1a3e6d8d97b5d
  depends:
  - __osx >=10.15
  - libcxx >=19
  - libzlib >=1.3.1,<2.0a0
  - libuv >=1.51.0,<2.0a0
  - icu >=75.1,<76.0a0
  - openssl >=3.5.3,<4.0a0
  license: MIT
  license_family: MIT
  size: 17919593
  timestamp: 1758381332452
- conda: https://conda.anaconda.org/conda-forge/osx-64/openssl-3.6.0-h230baf5_0.conda
  sha256: 36fe9fb316be22fcfb46d5fa3e2e85eec5ef84f908b7745f68f768917235b2d5
  md5: 3f50cdf9a97d0280655758b735781096
  depends:
  - __osx >=10.13
  - ca-certificates
  license: Apache-2.0
  license_family: Apache
  size: 2778996
  timestamp: 1762840724922
- conda: https://conda.anaconda.org/conda-forge/noarch/packaging-25.0-pyh29332c3_1.conda
  sha256: 289861ed0c13a15d7bbb408796af4de72c2fe67e2bcb0de98f4c3fce259d7991
  md5: 58335b26c38bf4a20f399384c33cbcf9
  depends:
  - python >=3.8
  - python
  license: Apache-2.0
  license_family: APACHE
  size: 62477
  timestamp: 1745345660407
- conda: https://conda.anaconda.org/conda-forge/osx-64/pandoc-3.6.3-h694c41f_0.conda
  sha256: 1133230f40d30e3eaa03e209800800751423360193fdc7e6523771125b72daa8
  md5: eb1ef420766e7f9bd8f61a2bc7c2961d
  license: GPL-2.0-or-later
  license_family: GPL
  size: 14312999
  timestamp: 1739197821852
- conda: https://conda.anaconda.org/conda-forge/noarch/pathspec-0.12.1-pyhd8ed1ab_1.conda
  sha256: 9f64009cdf5b8e529995f18e03665b03f5d07c0b17445b8badef45bde76249ee
  md5: 617f15191456cc6a13db418a275435e5
  depends:
  - python >=3.9
  license: MPL-2.0
  license_family: MOZILLA
  size: 41075
  timestamp: 1733233471940
- conda: https://conda.anaconda.org/conda-forge/noarch/prompt-toolkit-3.0.36-pyha770c72_0.conda
  sha256: 6bd3626799c9467d7aa8ed5f95043e4cea614a1329580980ddcf40cfed3ee860
  md5: 4d79ec192e0bfd530a254006d123b9a6
  depends:
  - python >=3.6
  - wcwidth
  constrains:
  - prompt_toolkit 3.0.36
  license: BSD-3-Clause
  license_family: BSD
  size: 271530
  timestamp: 1670414885944
- conda: https://conda.anaconda.org/conda-forge/noarch/prompt_toolkit-3.0.36-hd8ed1ab_0.conda
  sha256: 8685763bf7b3299be8b1e6fccad1282217733c8fcf1d682397323e2e08a00a68
  md5: 482c15eb65dde2f899c4d68eaa938b1d
  depends:
  - prompt-toolkit >=3.0.36,<3.0.37.0a0
  license: BSD-3-Clause
  license_family: BSD
  size: 6372
  timestamp: 1670414891579
- conda: https://conda.anaconda.org/conda-forge/noarch/propcache-0.3.1-pyhe1237c8_0.conda
  sha256: d8927d64b35e1fb82285791444673e47d3729853be962c7045e75fc0fd715cec
  md5: b1cda654f58d74578ac9786909af84cd
  depends:
  - python >=3.9
  track_features:
  - propcache_no_compile
  license: Apache-2.0
  license_family: APACHE
  size: 17693
  timestamp: 1744525054494
- conda: https://conda.anaconda.org/conda-forge/noarch/pycparser-2.22-pyh29332c3_1.conda
  sha256: 79db7928d13fab2d892592223d7570f5061c192f27b9febd1a418427b719acc6
  md5: 12c566707c80111f9799308d9e265aef
  depends:
  - python >=3.9
  - python
  license: BSD-3-Clause
  license_family: BSD
  size: 110100
  timestamp: 1733195786147
- conda: https://conda.anaconda.org/conda-forge/noarch/pydantic-2.12.4-pyh3cfb1c2_0.conda
  sha256: c51297f0f6ef13776cc5b61c37d00c0d45faaed34f81d196e64bebc989f3e497
  md5: bf6ce72315b6759453d8c90a894e9e4c
  depends:
  - annotated-types >=0.6.0
  - pydantic-core 2.41.5
  - python >=3.10
  - typing-extensions >=4.6.1
  - typing-inspection >=0.4.2
  - typing_extensions >=4.14.1
  license: MIT
  license_family: MIT
  size: 320446
  timestamp: 1762379584494
- conda: https://conda.anaconda.org/conda-forge/osx-64/pydantic-core-2.41.5-py314ha7b6dee_1.conda
  sha256: 7cb259e46ecb9f19eeea4d96035546376ce9370b51ffd18d57eb7170b08bbbf4
  md5: 8a9a08b79d530f482c9439790db774e1
  depends:
  - python
  - typing-extensions >=4.6.0,!=4.7.0
  - __osx >=10.13
  - python_abi 3.14.* *_cp314
  constrains:
  - __osx >=10.13
  license: MIT
  license_family: MIT
  size: 1949458
  timestamp: 1762989007303
- conda: https://conda.anaconda.org/conda-forge/noarch/pygments-2.19.2-pyhd8ed1ab_0.conda
  sha256: 5577623b9f6685ece2697c6eb7511b4c9ac5fb607c9babc2646c811b428fd46a
  md5: 6b6ece66ebcae2d5f326c77ef2c5a066
  depends:
  - python >=3.9
  license: BSD-2-Clause
  license_family: BSD
  size: 889287
  timestamp: 1750615908735
- conda: https://conda.anaconda.org/conda-forge/noarch/pyserial-3.5-pyhd8ed1ab_1.conda
  sha256: 48b51797fa1f5d8b2ed5d5f155a18993bb02616eef7a3b053a9125d7650bbe59
  md5: 0127bf00a534e0c7b8075090f162bf82
  depends:
  - python >=3.9
  license: BSD-3-Clause
  license_family: BSD
  size: 69380
  timestamp: 1734140304034
- conda: https://conda.anaconda.org/conda-forge/noarch/pysocks-1.7.1-pyha55dd90_7.conda
  sha256: ba3b032fa52709ce0d9fd388f63d330a026754587a2f461117cac9ab73d8d0d8
  md5: 461219d1a5bd61342293efa2c0c90eac
  depends:
  - __unix
  - python >=3.9
  license: BSD-3-Clause
  license_family: BSD
  size: 21085
  timestamp: 1733217331982
- conda: https://conda.anaconda.org/conda-forge/osx-64/python-3.14.0-hf88997e_102_cp314.conda
  build_number: 102
  sha256: 2470866eee70e75d6be667aa537424b63f97c397a0a90f05f2bab347b9ed5a51
  md5: 7917d1205eed3e72366a3397dca8a2af
  depends:
  - __osx >=10.13
  - bzip2 >=1.0.8,<2.0a0
  - libexpat >=2.7.1,<3.0a0
  - libffi >=3.5.2,<3.6.0a0
  - liblzma >=5.8.1,<6.0a0
  - libmpdec >=4.0.0,<5.0a0
  - libsqlite >=3.50.4,<4.0a0
  - libzlib >=1.3.1,<2.0a0
  - ncurses >=6.5,<7.0a0
  - openssl >=3.5.4,<4.0a0
  - python_abi 3.14.* *_cp314
  - readline >=8.2,<9.0a0
  - tk >=8.6.13,<8.7.0a0
  - tzdata
  - zstd >=1.5.7,<1.6.0a0
  license: Python-2.0
  size: 14427639
  timestamp: 1761177864469
  python_site_packages_path: lib/python3.14/site-packages
- conda: https://conda.anaconda.org/conda-forge/noarch/python_abi-3.14-8_cp314.conda
  build_number: 8
  sha256: ad6d2e9ac39751cc0529dd1566a26751a0bf2542adb0c232533d32e176e21db5
  md5: 0539938c55b6b1a59b560e843ad864a4
  constrains:
  - python 3.14.* *_cp314
  license: BSD-3-Clause
  license_family: BSD
  size: 6989
  timestamp: 1752805904792
- conda: https://conda.anaconda.org/conda-forge/osx-64/quarto-1.8.26-h046caca_0.conda
  sha256: 64791f221a0c335819edf10c3c06e6f1afe236cb5c29d4fbcc4e9dd7155859dd
  md5: 232189a4ffc4cab37ab6bc0d7c9b9382
  depends:
  - dart-sass
  - deno >=2.3.1,<2.3.2.0a0
  - deno-dom >=0.1.41,<0.1.42.0a0
  - esbuild
  - nodejs >=22.19.0,<23.0a0
  - pandoc 3.6.3
  - typst 0.13.0
  license: MIT
  size: 22727286
  timestamp: 1763140748118
- conda: https://conda.anaconda.org/conda-forge/noarch/questionary-2.1.1-pyhd8ed1ab_0.conda
  sha256: 0604c6dff3af5f53e34fceb985395d08287137f220450108a795bcd1959caf14
  md5: 34fa231b5c5927684b03bb296bb94ddc
  depends:
  - prompt_toolkit >=2.0,<4.0
  - python >=3.10
  license: MIT
  license_family: MIT
  size: 31257
  timestamp: 1757356458097
- conda: https://conda.anaconda.org/conda-forge/osx-64/readline-8.2-h7cca4af_2.conda
  sha256: 53017e80453c4c1d97aaf78369040418dea14cf8f46a2fa999f31bd70b36c877
  md5: 342570f8e02f2f022147a7f841475784
  depends:
  - ncurses >=6.5,<7.0a0
  license: GPL-3.0-only
  license_family: GPL
  size: 256712
  timestamp: 1740379577668
- conda: https://conda.anaconda.org/conda-forge/noarch/requests-2.32.5-pyhd8ed1ab_0.conda
  sha256: 8dc54e94721e9ab545d7234aa5192b74102263d3e704e6d0c8aa7008f2da2a7b
  md5: db0c6b99149880c8ba515cf4abe93ee4
  depends:
  - certifi >=2017.4.17
  - charset-normalizer >=2,<4
  - idna >=2.5,<4
  - python >=3.9
  - urllib3 >=1.21.1,<3
  constrains:
  - chardet >=3.0.2,<6
  license: Apache-2.0
  license_family: APACHE
  size: 59263
  timestamp: 1755614348400
- conda: https://conda.anaconda.org/conda-forge/noarch/rich-12.6.0-pyhd8ed1ab_0.tar.bz2
  sha256: 0cdb3105d3e50de8b6d9f4aea7e228b4872fb8b066daeb1e51c9519bc92ceffd
  md5: 162ed4cc104133be23e592faa1e055e3
  depends:
  - commonmark >=0.9.0,<0.10.0
  - dataclasses >=0.7,<0.9
  - pygments >=2.6.0,<3.0.0
  - python >=3.6.2
  - typing_extensions >=4.0.0,<5.0.0
  license: MIT
  license_family: MIT
  size: 174557
  timestamp: 1664752667299
- conda: https://conda.anaconda.org/conda-forge/noarch/shellingham-1.5.4-pyhd8ed1ab_2.conda
  sha256: 1d6534df8e7924d9087bd388fbac5bd868c5bf8971c36885f9f016da0657d22b
  md5: 83ea3a2ddb7a75c1b09cea582aa4f106
  depends:
  - python >=3.10
  license: MIT
  license_family: MIT
  size: 15018
  timestamp: 1762858315311
- conda: https://conda.anaconda.org/conda-forge/noarch/smmap-5.0.2-pyhd8ed1ab_0.conda
  sha256: eb92d0ad94b65af16c73071cc00cc0e10f2532be807beb52758aab2b06eb21e2
  md5: 87f47a78808baf2fa1ea9c315a1e48f1
  depends:
  - python >=3.9
  license: BSD-3-Clause
  license_family: BSD
  size: 26051
  timestamp: 1739781801801
- conda: https://conda.anaconda.org/conda-forge/osx-64/tk-8.6.13-hf689a15_3.conda
  sha256: 0d0b6cef83fec41bc0eb4f3b761c4621b7adfb14378051a8177bd9bb73d26779
  md5: bd9f1de651dbd80b51281c694827f78f
  depends:
  - __osx >=10.13
  - libzlib >=1.3.1,<2.0a0
  license: TCL
  license_family: BSD
  size: 3262702
  timestamp: 1763055085507
- conda: https://conda.anaconda.org/conda-forge/noarch/tomli-2.3.0-pyhcf101f3_0.conda
  sha256: cb77c660b646c00a48ef942a9e1721ee46e90230c7c570cdeb5a893b5cce9bff
  md5: d2732eb636c264dc9aa4cbee404b1a53
  depends:
  - python >=3.10
  - python
  license: MIT
  license_family: MIT
  size: 20973
  timestamp: 1760014679845
- conda: https://conda.anaconda.org/conda-forge/noarch/typer-0.20.0-pyhefaf540_1.conda
  sha256: 17a1e572939af33d709248170871d4da74f7e32b48f2e9b5abca613e201c6e64
  md5: 23a53fdefc45ba3f4e075cc0997fd13b
  depends:
  - typer-slim-standard ==0.20.0 h4daf872_1
  - python >=3.10
  - python
  license: MIT
  license_family: MIT
  size: 79829
  timestamp: 1762984042927
- conda: https://conda.anaconda.org/conda-forge/noarch/typer-slim-0.20.0-pyhcf101f3_1.conda
  sha256: 4b5ded929080b91367f128e7299619f6116f08bc77d9924a2f8766e2a1b18161
  md5: 4b02a515f3e882dcfe9cfbf0a1f5cd3a
  depends:
  - python >=3.10
  - click >=8.0.0
  - typing_extensions >=3.7.4.3
  - python
  constrains:
  - typer 0.20.0.*
  - rich >=10.11.0
  - shellingham >=1.3.0
  license: MIT
  license_family: MIT
  size: 47951
  timestamp: 1762984042920
- conda: https://conda.anaconda.org/conda-forge/noarch/typer-slim-standard-0.20.0-h4daf872_1.conda
  sha256: 5027768bc9a580c8ffbf25872bb2208c058cbb79ae959b1cf2cc54b5d32c0377
  md5: 37b26aafb15a6687b31a3d8d7a1f04e7
  depends:
  - typer-slim ==0.20.0 pyhcf101f3_1
  - rich
  - shellingham
  license: MIT
  license_family: MIT
  size: 5322
  timestamp: 1762984042927
- conda: https://conda.anaconda.org/conda-forge/noarch/typing-extensions-4.15.0-h396c80c_0.conda
  sha256: 7c2df5721c742c2a47b2c8f960e718c930031663ac1174da67c1ed5999f7938c
  md5: edd329d7d3a4ab45dcf905899a7a6115
  depends:
  - typing_extensions ==4.15.0 pyhcf101f3_0
  license: PSF-2.0
  license_family: PSF
  size: 91383
  timestamp: 1756220668932
- conda: https://conda.anaconda.org/conda-forge/noarch/typing-inspection-0.4.2-pyhd8ed1ab_0.conda
  sha256: 8aaf69b828c2b94d0784f18f70f11aa032950d304e57e88467120b45c18c24fd
  md5: 399701494e731ce73fdd86c185a3d1b4
  depends:
  - python >=3.10
  - typing_extensions >=4.12.0
  license: MIT
  license_family: MIT
  size: 18799
  timestamp: 1759301271883
- conda: https://conda.anaconda.org/conda-forge/noarch/typing_extensions-4.15.0-pyhcf101f3_0.conda
  sha256: 032271135bca55aeb156cee361c81350c6f3fb203f57d024d7e5a1fc9ef18731
  md5: 0caa1af407ecff61170c9437a808404d
  depends:
  - python >=3.10
  - python
  license: PSF-2.0
  license_family: PSF
  size: 51692
  timestamp: 1756220668932
- conda: https://conda.anaconda.org/conda-forge/osx-64/typst-0.13.0-h371c88c_0.conda
  sha256: 57c7c43948d0bbf5dfba99d1266aa25b2ce46d914f09a0a8b513fbe379118df9
  md5: 970a8a6cd0bac7fdc4ab70babe60d182
  depends:
  - __osx >=10.13
  constrains:
  - __osx >=10.13
  license: Apache-2.0
  license_family: Apache
  size: 12943165
  timestamp: 1739976370448
- conda: https://conda.anaconda.org/conda-forge/noarch/tzdata-2025b-h78e105d_0.conda
  sha256: 5aaa366385d716557e365f0a4e9c3fca43ba196872abbbe3d56bb610d131e192
  md5: 4222072737ccff51314b5ece9c7d6f5a
  license: LicenseRef-Public-Domain
  size: 122968
  timestamp: 1742727099393
- conda: https://conda.anaconda.org/conda-forge/noarch/urllib3-2.5.0-pyhd8ed1ab_0.conda
  sha256: 4fb9789154bd666ca74e428d973df81087a697dbb987775bc3198d2215f240f8
  md5: 436c165519e140cb08d246a4472a9d6a
  depends:
  - brotli-python >=1.0.9
  - h2 >=4,<5
  - pysocks >=1.5.6,<2.0,!=1.5.7
  - python >=3.9
  - zstandard >=0.18.0
  license: MIT
  license_family: MIT
  size: 101735
  timestamp: 1750271478254
- conda: https://conda.anaconda.org/conda-forge/noarch/wcwidth-0.2.14-pyhd8ed1ab_0.conda
  sha256: e311b64e46c6739e2a35ab8582c20fa30eb608da130625ed379f4467219d4813
  md5: 7e1e5ff31239f9cd5855714df8a3783d
  depends:
  - python >=3.10
  license: MIT
  license_family: MIT
  size: 33670
  timestamp: 1758622418893
- conda: https://conda.anaconda.org/conda-forge/noarch/yarl-1.22.0-pyh7db6752_0.conda
  sha256: b04271f56c68483b411c5465afff73b8eabdea564e942f0e7afed06619272635
  md5: ca3c00c764cee005798a518cba79885c
  depends:
  - idna >=2.0
  - multidict >=4.0
  - propcache >=0.2.1
  - python >=3.10
  track_features:
  - yarl_no_compile
  license: Apache-2.0
  license_family: Apache
  size: 73066
  timestamp: 1761337117132
- conda: https://conda.anaconda.org/conda-forge/noarch/zipp-3.23.0-pyhd8ed1ab_0.conda
  sha256: 7560d21e1b021fd40b65bfb72f67945a3fcb83d78ad7ccf37b8b3165ec3b68ad
  md5: df5e78d904988eb55042c0c97446079f
  depends:
  - python >=3.9
  license: MIT
  license_family: MIT
  size: 22963
  timestamp: 1749421737203
- conda: https://conda.anaconda.org/conda-forge/osx-64/zstandard-0.25.0-py314hd1e8ddb_1.conda
  sha256: cf12b4c138eef5160b12990278ac77dec5ca91de60638dd6cf1e60e4331d8087
  md5: b94712955dc017da312e6f6b4c6d4866
  depends:
  - python
  - cffi >=1.11
  - zstd >=1.5.7,<1.5.8.0a0
  - __osx >=10.13
  - python_abi 3.14.* *_cp314
  - zstd >=1.5.7,<1.6.0a0
  license: BSD-3-Clause
  license_family: BSD
  size: 470136
  timestamp: 1762512696464
- conda: https://conda.anaconda.org/conda-forge/osx-64/zstd-1.5.7-h8210216_2.conda
  sha256: c171c43d0c47eed45085112cb00c8c7d4f0caa5a32d47f2daca727e45fb98dca
  md5: cd60a4a5a8d6a476b30d8aa4bb49251a
  depends:
  - __osx >=10.13
  - libzlib >=1.3.1,<2.0a0
  license: BSD-3-Clause
  license_family: BSD
  size: 485754
  timestamp: 1742433356230
